
Microsoft Visual Studio Solution File, Format Version 12.00
# Visual Studio Version 16
VisualStudioVersion = 16.0.30413.136
MinimumVisualStudioVersion = 10.0.40219.1
Project("{FAE04EC0-301F-11D3-BF4B-00C04F79EFBC}") = "ProxyCall-Remover", "ProxyCall-Fixer\ProxyCall-Remover.csproj", "{09D5E76F-C557-4E1F-8CD0-80FB3711A066}"
EndProject
Global
	GlobalSection(SolutionConfigurationPlatforms) = preSolution
		Debug|Any CPU = Debug|Any CPU
		Release|Any CPU = Release|Any CPU
	EndGlobalSection
	GlobalSection(ProjectConfigurationPlatforms) = postSolution
		{09D5E76F-C557-4E1F-8CD0-80FB3711A066}.Debug|Any CPU.ActiveCfg = Debug|Any CPU
		{09D5E76F-C557-4E1F-8CD0-80FB3711A066}.Debug|Any CPU.Build.0 = Debug|Any CPU
		{09D5E76F-C557-4E1F-8CD0-80FB3711A066}.Release|Any CPU.ActiveCfg = Release|Any CPU
		{09D5E76F-C557-4E1F-8CD0-80FB3711A066}.Release|Any CPU.Build.0 = Release|Any CPU
	EndGlobalSection
	GlobalSection(SolutionProperties) = preSolution
		HideSolutionNode = FALSE
	EndGlobalSection
	GlobalSection(ExtensibilityGlobals) = postSolution
		SolutionGuid = {D3CB2F64-B014-4946-BAA1-3736862F3505}
	EndGlobalSection
EndGlobal
